
Microsoft Visual Studio Solution File, Format Version 12.00
# Visual Studio Version 17
VisualStudioVersion = 17.9.34607.119
MinimumVisualStudioVersion = 10.0.40219.1
Project("{8BC9CEB8-8B4A-11D0-8D11-00A0C91BC942}") = "pointer_pemdas7 mei", "pointer_pemdas7 mei\pointer_pemdas7 mei.vcxproj", "{26EB59F3-C583-4A41-9F93-3F926936E591}"
EndProject
Project("{8BC9CEB8-8B4A-11D0-8D11-00A0C91BC942}") = "pointer yang pke new", "pointer yang pke new\pointer yang pke new.vcxproj", "{F3DD76CE-535A-4F1D-B700-674F5A348E7C}"
EndProject
Project("{8BC9CEB8-8B4A-11D0-8D11-00A0C91BC942}") = "friendclass", "friendclass\friendclass.vcxproj", "{2B21F78A-0729-4DEE-AC84-FAF518973733}"
EndProject
Project("{8BC9CEB8-8B4A-11D0-8D11-00A0C91BC942}") = "friend function", "friend function\friend function.vcxproj", "{7650309D-A6C5-45CE-8131-BBF387118922}"
EndProject
Global
	GlobalSection(SolutionConfigurationPlatforms) = preSolution
		Debug|x64 = Debug|x64
		Debug|x86 = Debug|x86
		Release|x64 = Release|x64
		Release|x86 = Release|x86
	EndGlobalSection
	GlobalSection(ProjectConfigurationPlatforms) = postSolution
		{26EB59F3-C583-4A41-9F93-3F926936E591}.Debug|x64.ActiveCfg = Debug|x64
		{26EB59F3-C583-4A41-9F93-3F926936E591}.Debug|x64.Build.0 = Debug|x64
		{26EB59F3-C583-4A41-9F93-3F926936E591}.Debug|x86.ActiveCfg = Debug|Win32
		{26EB59F3-C583-4A41-9F93-3F926936E591}.Debug|x86.Build.0 = Debug|Win32
		{26EB59F3-C583-4A41-9F93-3F926936E591}.Release|x64.ActiveCfg = Release|x64
		{26EB59F3-C583-4A41-9F93-3F926936E591}.Release|x64.Build.0 = Release|x64
		{26EB59F3-C583-4A41-9F93-3F926936E591}.Release|x86.ActiveCfg = Release|Win32
		{26EB59F3-C583-4A41-9F93-3F926936E591}.Release|x86.Build.0 = Release|Win32
		{F3DD76CE-535A-4F1D-B700-674F5A348E7C}.Debug|x64.ActiveCfg = Debug|x64
		{F3DD76CE-535A-4F1D-B700-674F5A348E7C}.Debug|x64.Build.0 = Debug|x64
		{F3DD76CE-535A-4F1D-B700-674F5A348E7C}.Debug|x86.ActiveCfg = Debug|Win32
		{F3DD76CE-535A-4F1D-B700-674F5A348E7C}.Debug|x86.Build.0 = Debug|Win32
		{F3DD76CE-535A-4F1D-B700-674F5A348E7C}.Release|x64.ActiveCfg = Release|x64
		{F3DD76CE-535A-4F1D-B700-674F5A348E7C}.Release|x64.Build.0 = Release|x64
		{F3DD76CE-535A-4F1D-B700-674F5A348E7C}.Release|x86.ActiveCfg = Release|Win32
		{F3DD76CE-535A-4F1D-B700-674F5A348E7C}.Release|x86.Build.0 = Release|Win32
		{2B21F78A-0729-4DEE-AC84-FAF518973733}.Debug|x64.ActiveCfg = Debug|x64
		{2B21F78A-0729-4DEE-AC84-FAF518973733}.Debug|x64.Build.0 = Debug|x64
		{2B21F78A-0729-4DEE-AC84-FAF518973733}.Debug|x86.ActiveCfg = Debug|Win32
		{2B21F78A-0729-4DEE-AC84-FAF518973733}.Debug|x86.Build.0 = Debug|Win32
		{2B21F78A-0729-4DEE-AC84-FAF518973733}.Release|x64.ActiveCfg = Release|x64
		{2B21F78A-0729-4DEE-AC84-FAF518973733}.Release|x64.Build.0 = Release|x64
		{2B21F78A-0729-4DEE-AC84-FAF518973733}.Release|x86.ActiveCfg = Release|Win32
		{2B21F78A-0729-4DEE-AC84-FAF518973733}.Release|x86.Build.0 = Release|Win32
		{7650309D-A6C5-45CE-8131-BBF387118922}.Debug|x64.ActiveCfg = Debug|x64
		{7650309D-A6C5-45CE-8131-BBF387118922}.Debug|x64.Build.0 = Debug|x64
		{7650309D-A6C5-45CE-8131-BBF387118922}.Debug|x86.ActiveCfg = Debug|Win32
		{7650309D-A6C5-45CE-8131-BBF387118922}.Debug|x86.Build.0 = Debug|Win32
		{7650309D-A6C5-45CE-8131-BBF387118922}.Release|x64.ActiveCfg = Release|x64
		{7650309D-A6C5-45CE-8131-BBF387118922}.Release|x64.Build.0 = Release|x64
		{7650309D-A6C5-45CE-8131-BBF387118922}.Release|x86.ActiveCfg = Release|Win32
		{7650309D-A6C5-45CE-8131-BBF387118922}.Release|x86.Build.0 = Release|Win32
	EndGlobalSection
	GlobalSection(SolutionProperties) = preSolution
		HideSolutionNode = FALSE
	EndGlobalSection
	GlobalSection(ExtensibilityGlobals) = postSolution
		SolutionGuid = {2E48E534-B198-4D1D-BAC0-4DEE5A80B041}
	EndGlobalSection
EndGlobal
